
Microsoft Visual Studio Solution File, Format Version 12.00
# Visual Studio Version 17
VisualStudioVersion = 17.1.32414.318
MinimumVisualStudioVersion = 10.0.40219.1
Project("{9A19103F-16F7-4668-BE54-9A1E7A4F7556}") = "DataAccess", "DataAccess\DataAccess.csproj", "{C2B689D4-5C32-46B4-9776-A8D79FC53A2A}"
EndProject
Project("{9A19103F-16F7-4668-BE54-9A1E7A4F7556}") = "Business", "Business\Business.csproj", "{6F60BC2F-86A9-4EAA-A24C-CD435603F5BD}"
EndProject
Project("{9A19103F-16F7-4668-BE54-9A1E7A4F7556}") = "Entities", "Entities\Entities.csproj", "{96F2E1AD-9CF2-4C44-8B44-D7BD5BCB429E}"
EndProject
Project("{9A19103F-16F7-4668-BE54-9A1E7A4F7556}") = "ConsoleUI", "ConsoleUI\ConsoleUI.csproj", "{BB3ECA4C-4C89-4A06-AE41-607C86D47E8A}"
EndProject
Project("{FAE04EC0-301F-11D3-BF4B-00C04F79EFBC}") = "Core", "Core\Core.csproj", "{8574500A-B3F2-417E-AFC1-DEC5139A7E7A}"
EndProject
Global
	GlobalSection(SolutionConfigurationPlatforms) = preSolution
		Debug|Any CPU = Debug|Any CPU
		Release|Any CPU = Release|Any CPU
	EndGlobalSection
	GlobalSection(ProjectConfigurationPlatforms) = postSolution
		{C2B689D4-5C32-46B4-9776-A8D79FC53A2A}.Debug|Any CPU.ActiveCfg = Debug|Any CPU
		{C2B689D4-5C32-46B4-9776-A8D79FC53A2A}.Debug|Any CPU.Build.0 = Debug|Any CPU
		{C2B689D4-5C32-46B4-9776-A8D79FC53A2A}.Release|Any CPU.ActiveCfg = Release|Any CPU
		{C2B689D4-5C32-46B4-9776-A8D79FC53A2A}.Release|Any CPU.Build.0 = Release|Any CPU
		{6F60BC2F-86A9-4EAA-A24C-CD435603F5BD}.Debug|Any CPU.ActiveCfg = Debug|Any CPU
		{6F60BC2F-86A9-4EAA-A24C-CD435603F5BD}.Debug|Any CPU.Build.0 = Debug|Any CPU
		{6F60BC2F-86A9-4EAA-A24C-CD435603F5BD}.Release|Any CPU.ActiveCfg = Release|Any CPU
		{6F60BC2F-86A9-4EAA-A24C-CD435603F5BD}.Release|Any CPU.Build.0 = Release|Any CPU
		{96F2E1AD-9CF2-4C44-8B44-D7BD5BCB429E}.Debug|Any CPU.ActiveCfg = Debug|Any CPU
		{96F2E1AD-9CF2-4C44-8B44-D7BD5BCB429E}.Debug|Any CPU.Build.0 = Debug|Any CPU
		{96F2E1AD-9CF2-4C44-8B44-D7BD5BCB429E}.Release|Any CPU.ActiveCfg = Release|Any CPU
		{96F2E1AD-9CF2-4C44-8B44-D7BD5BCB429E}.Release|Any CPU.Build.0 = Release|Any CPU
		{BB3ECA4C-4C89-4A06-AE41-607C86D47E8A}.Debug|Any CPU.ActiveCfg = Debug|Any CPU
		{BB3ECA4C-4C89-4A06-AE41-607C86D47E8A}.Debug|Any CPU.Build.0 = Debug|Any CPU
		{BB3ECA4C-4C89-4A06-AE41-607C86D47E8A}.Release|Any CPU.ActiveCfg = Release|Any CPU
		{BB3ECA4C-4C89-4A06-AE41-607C86D47E8A}.Release|Any CPU.Build.0 = Release|Any CPU
		{8574500A-B3F2-417E-AFC1-DEC5139A7E7A}.Debug|Any CPU.ActiveCfg = Debug|Any CPU
		{8574500A-B3F2-417E-AFC1-DEC5139A7E7A}.Debug|Any CPU.Build.0 = Debug|Any CPU
		{8574500A-B3F2-417E-AFC1-DEC5139A7E7A}.Release|Any CPU.ActiveCfg = Release|Any CPU
		{8574500A-B3F2-417E-AFC1-DEC5139A7E7A}.Release|Any CPU.Build.0 = Release|Any CPU
	EndGlobalSection
	GlobalSection(SolutionProperties) = preSolution
		HideSolutionNode = FALSE
	EndGlobalSection
	GlobalSection(ExtensibilityGlobals) = postSolution
		SolutionGuid = {802BC8AD-6D5B-48A2-8495-AB048A049AA3}
	EndGlobalSection
EndGlobal
